<?xml version="1.0" encoding="utf-8"?>
<Project ToolsVersion="17.0" xmlns="http://schemas.microsoft.com/developer/msbuild/2003">
  <ItemGroup>
    <ClCompile Include="F:\Documents\rpi_server_app\include\src\expat\expat\lib\xmlparse.c">
      <Filter>Source Files</Filter>
    </ClCompile>
    <ClCompile Include="F:\Documents\rpi_server_app\include\src\expat\expat\lib\xmlrole.c">
      <Filter>Source Files</Filter>
    </ClCompile>
    <ClCompile Include="F:\Documents\rpi_server_app\include\src\expat\expat\lib\xmltok.c">
      <Filter>Source Files</Filter>
    </ClCompile>
  </ItemGroup>
  <ItemGroup>
    <CustomBuild Include="F:\Documents\rpi_server_app\include\build\cmake\lib\CMakeLists.txt">
      <Filter>CMake</Filter>
    </CustomBuild>
  </ItemGroup>
  <ItemGroup>
    <Filter Include="CMake">
      <UniqueIdentifier>{8DD14F8F-8929-3384-9F3C-3BE2F351E93C}</UniqueIdentifier>
    </Filter>
    <Filter Include="Source Files">
      <UniqueIdentifier>{40436969-BFF1-3715-A992-4B2995CFFC75}</UniqueIdentifier>
    </Filter>
  </ItemGroup>
</Project>
