<?xml version="1.0" encoding="utf-8"?>
<Project ToolsVersion="17.0" xmlns="http://schemas.microsoft.com/developer/msbuild/2003">
  <ItemGroup>
    <ClCompile Include="F:\Documents\rpi_server_app\include\src\png\png.c">
      <Filter>Source Files</Filter>
    </ClCompile>
    <ClCompile Include="F:\Documents\rpi_server_app\include\src\png\pngerror.c">
      <Filter>Source Files</Filter>
    </ClCompile>
    <ClCompile Include="F:\Documents\rpi_server_app\include\src\png\pngget.c">
      <Filter>Source Files</Filter>
    </ClCompile>
    <ClCompile Include="F:\Documents\rpi_server_app\include\src\png\pngmem.c">
      <Filter>Source Files</Filter>
    </ClCompile>
    <ClCompile Include="F:\Documents\rpi_server_app\include\src\png\pngpread.c">
      <Filter>Source Files</Filter>
    </ClCompile>
    <ClCompile Include="F:\Documents\rpi_server_app\include\src\png\pngread.c">
      <Filter>Source Files</Filter>
    </ClCompile>
    <ClCompile Include="F:\Documents\rpi_server_app\include\src\png\pngrio.c">
      <Filter>Source Files</Filter>
    </ClCompile>
    <ClCompile Include="F:\Documents\rpi_server_app\include\src\png\pngrtran.c">
      <Filter>Source Files</Filter>
    </ClCompile>
    <ClCompile Include="F:\Documents\rpi_server_app\include\src\png\pngrutil.c">
      <Filter>Source Files</Filter>
    </ClCompile>
    <ClCompile Include="F:\Documents\rpi_server_app\include\src\png\pngset.c">
      <Filter>Source Files</Filter>
    </ClCompile>
    <ClCompile Include="F:\Documents\rpi_server_app\include\src\png\pngtrans.c">
      <Filter>Source Files</Filter>
    </ClCompile>
    <ClCompile Include="F:\Documents\rpi_server_app\include\src\png\pngwio.c">
      <Filter>Source Files</Filter>
    </ClCompile>
    <ClCompile Include="F:\Documents\rpi_server_app\include\src\png\pngwrite.c">
      <Filter>Source Files</Filter>
    </ClCompile>
    <ClCompile Include="F:\Documents\rpi_server_app\include\src\png\pngwtran.c">
      <Filter>Source Files</Filter>
    </ClCompile>
    <ClCompile Include="F:\Documents\rpi_server_app\include\src\png\pngwutil.c">
      <Filter>Source Files</Filter>
    </ClCompile>
    <ClCompile Include="F:\Documents\rpi_server_app\include\src\png\arm\arm_init.c">
      <Filter>Source Files</Filter>
    </ClCompile>
    <ClCompile Include="F:\Documents\rpi_server_app\include\src\png\arm\filter_neon_intrinsics.c">
      <Filter>Source Files</Filter>
    </ClCompile>
    <ClCompile Include="F:\Documents\rpi_server_app\include\src\png\arm\palette_neon_intrinsics.c">
      <Filter>Source Files</Filter>
    </ClCompile>
    <ClCompile Include="F:\Documents\rpi_server_app\include\src\png\intel\intel_init.c">
      <Filter>Source Files</Filter>
    </ClCompile>
    <ClCompile Include="F:\Documents\rpi_server_app\include\src\png\intel\filter_sse2_intrinsics.c">
      <Filter>Source Files</Filter>
    </ClCompile>
  </ItemGroup>
  <ItemGroup>
    <CustomBuild Include="F:\Documents\rpi_server_app\include\build\cmake\lib\CMakeLists.txt">
      <Filter>CMake</Filter>
    </CustomBuild>
  </ItemGroup>
  <ItemGroup>
    <Filter Include="CMake">
      <UniqueIdentifier>{8DD14F8F-8929-3384-9F3C-3BE2F351E93C}</UniqueIdentifier>
    </Filter>
    <Filter Include="Source Files">
      <UniqueIdentifier>{40436969-BFF1-3715-A992-4B2995CFFC75}</UniqueIdentifier>
    </Filter>
  </ItemGroup>
</Project>
