<?xml version="1.0" encoding="utf-8"?>
<Project ToolsVersion="17.0" xmlns="http://schemas.microsoft.com/developer/msbuild/2003">
  <ItemGroup>
    <CustomBuild Include="F:\Documents\rpi_server_app\include\CMakeFiles\46ee1e7e13f6d51d4a1b4ba05174663f\INSTALL_force.rule">
      <Filter>CMake Rules</Filter>
    </CustomBuild>
  </ItemGroup>
  <ItemGroup>
    <Filter Include="CMake">
      <UniqueIdentifier>{8DD14F8F-8929-3384-9F3C-3BE2F351E93C}</UniqueIdentifier>
    </Filter>
    <Filter Include="CMake Rules">
      <UniqueIdentifier>{0CB2636C-DC40-3087-A0C5-4E570578A6BE}</UniqueIdentifier>
    </Filter>
  </ItemGroup>
</Project>
