<?xml version="1.0" encoding="utf-8"?>
<Project ToolsVersion="17.0" xmlns="http://schemas.microsoft.com/developer/msbuild/2003">
  <ItemGroup>
    <ClCompile Include="F:\Documents\rpi_server_app\include\libs\html\CMakeFiles\wxhtml.dir\cmake_pch.cxx">
      <Filter>CMake</Filter>
    </ClCompile>
    <ClCompile Include="F:\Documents\rpi_server_app\include\src\html\helpctrl.cpp">
      <Filter>wxHTML Sources</Filter>
    </ClCompile>
    <ClCompile Include="F:\Documents\rpi_server_app\include\src\html\helpdata.cpp">
      <Filter>wxHTML Sources</Filter>
    </ClCompile>
    <ClCompile Include="F:\Documents\rpi_server_app\include\src\html\helpdlg.cpp">
      <Filter>wxHTML Sources</Filter>
    </ClCompile>
    <ClCompile Include="F:\Documents\rpi_server_app\include\src\html\helpfrm.cpp">
      <Filter>wxHTML Sources</Filter>
    </ClCompile>
    <ClCompile Include="F:\Documents\rpi_server_app\include\src\html\helpwnd.cpp">
      <Filter>wxHTML Sources</Filter>
    </ClCompile>
    <ClCompile Include="F:\Documents\rpi_server_app\include\src\html\htmlcell.cpp">
      <Filter>wxHTML Sources</Filter>
    </ClCompile>
    <ClCompile Include="F:\Documents\rpi_server_app\include\src\html\htmlfilt.cpp">
      <Filter>wxHTML Sources</Filter>
    </ClCompile>
    <ClCompile Include="F:\Documents\rpi_server_app\include\src\html\htmlpars.cpp">
      <Filter>wxHTML Sources</Filter>
    </ClCompile>
    <ClCompile Include="F:\Documents\rpi_server_app\include\src\html\htmltag.cpp">
      <Filter>wxHTML Sources</Filter>
    </ClCompile>
    <ClCompile Include="F:\Documents\rpi_server_app\include\src\html\htmlwin.cpp">
      <Filter>wxHTML Sources</Filter>
    </ClCompile>
    <ClCompile Include="F:\Documents\rpi_server_app\include\src\html\htmprint.cpp">
      <Filter>wxHTML Sources</Filter>
    </ClCompile>
    <ClCompile Include="F:\Documents\rpi_server_app\include\src\html\m_dflist.cpp">
      <Filter>wxHTML Sources</Filter>
    </ClCompile>
    <ClCompile Include="F:\Documents\rpi_server_app\include\src\html\m_fonts.cpp">
      <Filter>wxHTML Sources</Filter>
    </ClCompile>
    <ClCompile Include="F:\Documents\rpi_server_app\include\src\html\m_hline.cpp">
      <Filter>wxHTML Sources</Filter>
    </ClCompile>
    <ClCompile Include="F:\Documents\rpi_server_app\include\src\html\m_image.cpp">
      <Filter>wxHTML Sources</Filter>
    </ClCompile>
    <ClCompile Include="F:\Documents\rpi_server_app\include\src\html\m_layout.cpp">
      <Filter>wxHTML Sources</Filter>
    </ClCompile>
    <ClCompile Include="F:\Documents\rpi_server_app\include\src\html\m_links.cpp">
      <Filter>wxHTML Sources</Filter>
    </ClCompile>
    <ClCompile Include="F:\Documents\rpi_server_app\include\src\html\m_list.cpp">
      <Filter>wxHTML Sources</Filter>
    </ClCompile>
    <ClCompile Include="F:\Documents\rpi_server_app\include\src\html\m_pre.cpp">
      <Filter>wxHTML Sources</Filter>
    </ClCompile>
    <ClCompile Include="F:\Documents\rpi_server_app\include\src\html\m_span.cpp">
      <Filter>wxHTML Sources</Filter>
    </ClCompile>
    <ClCompile Include="F:\Documents\rpi_server_app\include\src\html\m_style.cpp">
      <Filter>wxHTML Sources</Filter>
    </ClCompile>
    <ClCompile Include="F:\Documents\rpi_server_app\include\src\html\m_tables.cpp">
      <Filter>wxHTML Sources</Filter>
    </ClCompile>
    <ClCompile Include="F:\Documents\rpi_server_app\include\src\html\styleparams.cpp">
      <Filter>wxHTML Sources</Filter>
    </ClCompile>
    <ClCompile Include="F:\Documents\rpi_server_app\include\src\html\winpars.cpp">
      <Filter>wxHTML Sources</Filter>
    </ClCompile>
    <ClCompile Include="F:\Documents\rpi_server_app\include\src\generic\htmllbox.cpp">
      <Filter>Generic Sources</Filter>
    </ClCompile>
    <ClCompile Include="F:\Documents\rpi_server_app\include\src\msw\helpbest.cpp">
      <Filter>MSW Sources</Filter>
    </ClCompile>
    <ClCompile Include="F:\Documents\rpi_server_app\include\src\html\chm.cpp">
      <Filter>wxHTML Sources</Filter>
    </ClCompile>
  </ItemGroup>
  <ItemGroup>
    <ClInclude Include="F:\Documents\rpi_server_app\include\include\wx\html\forcelnk.h">
      <Filter>wxHTML Headers</Filter>
    </ClInclude>
    <ClInclude Include="F:\Documents\rpi_server_app\include\include\wx\html\helpctrl.h">
      <Filter>wxHTML Headers</Filter>
    </ClInclude>
    <ClInclude Include="F:\Documents\rpi_server_app\include\include\wx\html\helpdata.h">
      <Filter>wxHTML Headers</Filter>
    </ClInclude>
    <ClInclude Include="F:\Documents\rpi_server_app\include\include\wx\html\helpdlg.h">
      <Filter>wxHTML Headers</Filter>
    </ClInclude>
    <ClInclude Include="F:\Documents\rpi_server_app\include\include\wx\html\helpfrm.h">
      <Filter>wxHTML Headers</Filter>
    </ClInclude>
    <ClInclude Include="F:\Documents\rpi_server_app\include\include\wx\html\helpwnd.h">
      <Filter>wxHTML Headers</Filter>
    </ClInclude>
    <ClInclude Include="F:\Documents\rpi_server_app\include\include\wx\html\htmlcell.h">
      <Filter>wxHTML Headers</Filter>
    </ClInclude>
    <ClInclude Include="F:\Documents\rpi_server_app\include\include\wx\html\htmldefs.h">
      <Filter>wxHTML Headers</Filter>
    </ClInclude>
    <ClInclude Include="F:\Documents\rpi_server_app\include\include\wx\html\htmlfilt.h">
      <Filter>wxHTML Headers</Filter>
    </ClInclude>
    <ClInclude Include="F:\Documents\rpi_server_app\include\include\wx\html\htmlpars.h">
      <Filter>wxHTML Headers</Filter>
    </ClInclude>
    <ClInclude Include="F:\Documents\rpi_server_app\include\include\wx\html\htmlproc.h">
      <Filter>wxHTML Headers</Filter>
    </ClInclude>
    <ClInclude Include="F:\Documents\rpi_server_app\include\include\wx\html\htmltag.h">
      <Filter>wxHTML Headers</Filter>
    </ClInclude>
    <ClInclude Include="F:\Documents\rpi_server_app\include\include\wx\html\htmlwin.h">
      <Filter>wxHTML Headers</Filter>
    </ClInclude>
    <ClInclude Include="F:\Documents\rpi_server_app\include\include\wx\html\htmprint.h">
      <Filter>wxHTML Headers</Filter>
    </ClInclude>
    <ClInclude Include="F:\Documents\rpi_server_app\include\include\wx\html\m_templ.h">
      <Filter>wxHTML Headers</Filter>
    </ClInclude>
    <ClInclude Include="F:\Documents\rpi_server_app\include\include\wx\html\styleparams.h">
      <Filter>wxHTML Headers</Filter>
    </ClInclude>
    <ClInclude Include="F:\Documents\rpi_server_app\include\include\wx\html\winpars.h">
      <Filter>wxHTML Headers</Filter>
    </ClInclude>
    <ClInclude Include="F:\Documents\rpi_server_app\include\include\wx\wxhtml.h">
      <Filter>Common Headers</Filter>
    </ClInclude>
    <ClInclude Include="F:\Documents\rpi_server_app\include\include\wx\htmllbox.h">
      <Filter>Common Headers</Filter>
    </ClInclude>
    <ClInclude Include="F:\Documents\rpi_server_app\include\include\wx\msw\helpbest.h">
      <Filter>MSW Headers</Filter>
    </ClInclude>
    <ClInclude Include="F:\Documents\rpi_server_app\include\lib\vc_x64_dll\mswu\wx\setup.h">
      <Filter>Setup Headers</Filter>
    </ClInclude>
    <ClInclude Include="F:\Documents\rpi_server_app\include\include\wx\msw\genrcdefs.h">
      <Filter>MSW Headers</Filter>
    </ClInclude>
    <ClInclude Include="F:\Documents\rpi_server_app\include\libs\html\CMakeFiles\wxhtml.dir\Debug\cmake_pch.hxx">
      <Filter>CMake</Filter>
    </ClInclude>
    <ClInclude Include="F:\Documents\rpi_server_app\include\libs\html\CMakeFiles\wxhtml.dir\Release\cmake_pch.hxx">
      <Filter>CMake</Filter>
    </ClInclude>
  </ItemGroup>
  <ItemGroup>
    <CustomBuild Include="F:\Documents\rpi_server_app\include\build\cmake\lib\html\CMakeLists.txt">
      <Filter>CMake</Filter>
    </CustomBuild>
  </ItemGroup>
  <ItemGroup>
    <ResourceCompile Include="F:\Documents\rpi_server_app\include\src\msw\version.rc">
      <Filter>Resource Files</Filter>
    </ResourceCompile>
  </ItemGroup>
  <ItemGroup>
    <Filter Include="CMake">
      <UniqueIdentifier>{8DD14F8F-8929-3384-9F3C-3BE2F351E93C}</UniqueIdentifier>
    </Filter>
    <Filter Include="Common Headers">
      <UniqueIdentifier>{BA1527BA-8574-38DF-8EC9-31D8A4ABA5FE}</UniqueIdentifier>
    </Filter>
    <Filter Include="Generic Sources">
      <UniqueIdentifier>{DADEA6D3-31D8-34F1-B401-421B175E6CD0}</UniqueIdentifier>
    </Filter>
    <Filter Include="MSW Headers">
      <UniqueIdentifier>{9FEE6162-A4A2-3F55-9553-88C849BDE20E}</UniqueIdentifier>
    </Filter>
    <Filter Include="MSW Sources">
      <UniqueIdentifier>{668293EE-2FCB-3026-9501-1B52A90BF48F}</UniqueIdentifier>
    </Filter>
    <Filter Include="Resource Files">
      <UniqueIdentifier>{BA74B7F0-C6B0-34B6-B1D7-892DAF8E2E72}</UniqueIdentifier>
    </Filter>
    <Filter Include="Setup Headers">
      <UniqueIdentifier>{C44A7553-453F-3174-AC7B-8CD0FCD75852}</UniqueIdentifier>
    </Filter>
    <Filter Include="wxHTML Headers">
      <UniqueIdentifier>{2721A222-27F5-393A-88F1-5C29385F6D80}</UniqueIdentifier>
    </Filter>
    <Filter Include="wxHTML Sources">
      <UniqueIdentifier>{0083BFAD-7B39-3F91-96C4-0F6707461646}</UniqueIdentifier>
    </Filter>
  </ItemGroup>
</Project>
