<?xml version="1.0" encoding="utf-8"?>
<Project ToolsVersion="17.0" xmlns="http://schemas.microsoft.com/developer/msbuild/2003">
  <ItemGroup>
    <ClCompile Include="F:\Documents\rpi_server_app\include\samples\console\console.cpp">
      <Filter>Source Files</Filter>
    </ClCompile>
  </ItemGroup>
  <ItemGroup>
    <CustomBuild Include="F:\Documents\rpi_server_app\include\build\cmake\samples\CMakeLists.txt">
      <Filter>CMake</Filter>
    </CustomBuild>
  </ItemGroup>
  <ItemGroup>
    <ResourceCompile Include="F:\Documents\rpi_server_app\include\samples\sample.rc">
      <Filter>Resource Files</Filter>
    </ResourceCompile>
  </ItemGroup>
  <ItemGroup>
    <Filter Include="CMake">
      <UniqueIdentifier>{8DD14F8F-8929-3384-9F3C-3BE2F351E93C}</UniqueIdentifier>
    </Filter>
    <Filter Include="Resource Files">
      <UniqueIdentifier>{BA74B7F0-C6B0-34B6-B1D7-892DAF8E2E72}</UniqueIdentifier>
    </Filter>
    <Filter Include="Source Files">
      <UniqueIdentifier>{40436969-BFF1-3715-A992-4B2995CFFC75}</UniqueIdentifier>
    </Filter>
  </ItemGroup>
</Project>
