<?xml version="1.0" encoding="utf-8"?>
<Project ToolsVersion="17.0" xmlns="http://schemas.microsoft.com/developer/msbuild/2003">
  <ItemGroup>
    <ClCompile Include="F:\Documents\rpi_server_app\include\libs\stc\CMakeFiles\wxstc.dir\cmake_pch.cxx">
      <Filter>CMake</Filter>
    </ClCompile>
    <ClCompile Include="F:\Documents\rpi_server_app\include\src\stc\stc.cpp">
      <Filter>Source Files</Filter>
    </ClCompile>
    <ClCompile Include="F:\Documents\rpi_server_app\include\src\stc\PlatWX.cpp">
      <Filter>Source Files</Filter>
    </ClCompile>
    <ClCompile Include="F:\Documents\rpi_server_app\include\src\stc\ScintillaWX.cpp">
      <Filter>Source Files</Filter>
    </ClCompile>
    <ClCompile Include="F:\Documents\rpi_server_app\include\src\xrc\xh_styledtextctrl.cpp">
      <Filter>Source Files</Filter>
    </ClCompile>
  </ItemGroup>
  <ItemGroup>
    <ClInclude Include="F:\Documents\rpi_server_app\include\include\wx\stc\stc.h">
      <Filter>Common Headers</Filter>
    </ClInclude>
    <ClInclude Include="F:\Documents\rpi_server_app\include\include\wx\xrc\xh_styledtextctrl.h">
      <Filter>Common Headers</Filter>
    </ClInclude>
    <ClInclude Include="F:\Documents\rpi_server_app\include\lib\vc_x64_dll\mswu\wx\setup.h">
      <Filter>Setup Headers</Filter>
    </ClInclude>
    <ClInclude Include="F:\Documents\rpi_server_app\include\include\wx\msw\genrcdefs.h">
      <Filter>MSW Headers</Filter>
    </ClInclude>
    <ClInclude Include="F:\Documents\rpi_server_app\include\libs\stc\CMakeFiles\wxstc.dir\Debug\cmake_pch.hxx">
      <Filter>CMake</Filter>
    </ClInclude>
    <ClInclude Include="F:\Documents\rpi_server_app\include\libs\stc\CMakeFiles\wxstc.dir\Release\cmake_pch.hxx">
      <Filter>CMake</Filter>
    </ClInclude>
  </ItemGroup>
  <ItemGroup>
    <CustomBuild Include="F:\Documents\rpi_server_app\include\build\cmake\lib\stc\CMakeLists.txt">
      <Filter>CMake</Filter>
    </CustomBuild>
  </ItemGroup>
  <ItemGroup>
    <ResourceCompile Include="F:\Documents\rpi_server_app\include\src\msw\version.rc">
      <Filter>Resource Files</Filter>
    </ResourceCompile>
  </ItemGroup>
  <ItemGroup>
    <Filter Include="CMake">
      <UniqueIdentifier>{8DD14F8F-8929-3384-9F3C-3BE2F351E93C}</UniqueIdentifier>
    </Filter>
    <Filter Include="Common Headers">
      <UniqueIdentifier>{BA1527BA-8574-38DF-8EC9-31D8A4ABA5FE}</UniqueIdentifier>
    </Filter>
    <Filter Include="MSW Headers">
      <UniqueIdentifier>{9FEE6162-A4A2-3F55-9553-88C849BDE20E}</UniqueIdentifier>
    </Filter>
    <Filter Include="Resource Files">
      <UniqueIdentifier>{BA74B7F0-C6B0-34B6-B1D7-892DAF8E2E72}</UniqueIdentifier>
    </Filter>
    <Filter Include="Setup Headers">
      <UniqueIdentifier>{C44A7553-453F-3174-AC7B-8CD0FCD75852}</UniqueIdentifier>
    </Filter>
    <Filter Include="Source Files">
      <UniqueIdentifier>{40436969-BFF1-3715-A992-4B2995CFFC75}</UniqueIdentifier>
    </Filter>
  </ItemGroup>
</Project>
