
Microsoft Visual Studio Solution File, Format Version 12.00
# Visual Studio Version 17
Project("{2150E333-8FDC-42A3-9474-1A3956D46DE8}") = "CMakePredefinedTargets", "CMakePredefinedTargets", "{C5FCE930-6538-3C63-82FD-85D9F67D2DD1}"
EndProject
Project("{2150E333-8FDC-42A3-9474-1A3956D46DE8}") = "Libraries", "Libraries", "{DD3C54F9-5814-35A1-9A24-63B9FE10CFB6}"
EndProject
Project("{2150E333-8FDC-42A3-9474-1A3956D46DE8}") = "Samples", "Samples", "{FE3E82F6-8F89-3478-9450-6911E535F651}"
EndProject
Project("{2150E333-8FDC-42A3-9474-1A3956D46DE8}") = "Third Party Libraries", "Third Party Libraries", "{D05C4756-CFF8-33BB-B613-744883BCF90A}"
EndProject
Project("{2150E333-8FDC-42A3-9474-1A3956D46DE8}") = "Utilities", "Utilities", "{80086EDC-A88F-347A-8AE5-68F817F4D0E7}"
EndProject
Project("{8BC9CEB8-8B4A-11D0-8D11-00A0C91BC942}") = "minimal", "samples\minimal.vcxproj", "{5A3920B4-2D9A-302F-BCE2-E090A71145B7}"
	ProjectSection(ProjectDependencies) = postProject
		{910A0645-DE84-3AB8-9644-97A03E437170} = {910A0645-DE84-3AB8-9644-97A03E437170}
		{BB52A3AD-9B9E-3C42-B2D0-6EDC9B5BEDFE} = {BB52A3AD-9B9E-3C42-B2D0-6EDC9B5BEDFE}
		{2648626A-77FF-3D55-9036-1F5B13D9EC02} = {2648626A-77FF-3D55-9036-1F5B13D9EC02}
	EndProjectSection
EndProject
Project("{8BC9CEB8-8B4A-11D0-8D11-00A0C91BC942}") = "ALL_BUILD", "ALL_BUILD.vcxproj", "{F95CAA5A-A263-3074-9182-721E7D1849AA}"
	ProjectSection(ProjectDependencies) = postProject
		{910A0645-DE84-3AB8-9644-97A03E437170} = {910A0645-DE84-3AB8-9644-97A03E437170}
		{53957EDF-7565-3EF2-9B92-A95ADEB37152} = {53957EDF-7565-3EF2-9B92-A95ADEB37152}
		{6758A75B-BBF4-3F54-AC25-819F8E7AA8B5} = {6758A75B-BBF4-3F54-AC25-819F8E7AA8B5}
		{5A3920B4-2D9A-302F-BCE2-E090A71145B7} = {5A3920B4-2D9A-302F-BCE2-E090A71145B7}
		{89CA8318-E39F-3592-9876-E51043E1E867} = {89CA8318-E39F-3592-9876-E51043E1E867}
		{8B8BAC4F-24F0-3D87-AC40-89417BB11C12} = {8B8BAC4F-24F0-3D87-AC40-89417BB11C12}
		{330F7F87-49F2-39A5-9D77-AE4225569D37} = {330F7F87-49F2-39A5-9D77-AE4225569D37}
		{BB52A3AD-9B9E-3C42-B2D0-6EDC9B5BEDFE} = {BB52A3AD-9B9E-3C42-B2D0-6EDC9B5BEDFE}
		{2648626A-77FF-3D55-9036-1F5B13D9EC02} = {2648626A-77FF-3D55-9036-1F5B13D9EC02}
		{6615A578-4E49-3936-98E0-72AB69F181DE} = {6615A578-4E49-3936-98E0-72AB69F181DE}
		{E63C8D8E-F66C-3CF0-8A23-79AF61DD0378} = {E63C8D8E-F66C-3CF0-8A23-79AF61DD0378}
		{CE80618F-1991-34E2-9545-18CA5F862E4D} = {CE80618F-1991-34E2-9545-18CA5F862E4D}
		{EEA3F324-126D-3CDA-8930-D7B996C668F3} = {EEA3F324-126D-3CDA-8930-D7B996C668F3}
		{4D957502-3230-3178-9044-099FCF23A141} = {4D957502-3230-3178-9044-099FCF23A141}
		{9BF5E2D9-4F2B-3786-A2C8-E4AF871E29ED} = {9BF5E2D9-4F2B-3786-A2C8-E4AF871E29ED}
		{D79E6473-1C7B-326B-A039-1C268B305A74} = {D79E6473-1C7B-326B-A039-1C268B305A74}
		{B74C301F-7800-39FB-9D58-A1260C677511} = {B74C301F-7800-39FB-9D58-A1260C677511}
		{28E53056-8CEB-3D71-A8CA-EE2499AFE34E} = {28E53056-8CEB-3D71-A8CA-EE2499AFE34E}
		{FB2F83F7-67E6-3BE2-A27A-305A43E6769C} = {FB2F83F7-67E6-3BE2-A27A-305A43E6769C}
		{05B4B2C2-CDB0-3455-988E-CEEE8424F6A1} = {05B4B2C2-CDB0-3455-988E-CEEE8424F6A1}
		{FEA6199C-810F-32E5-ADDD-1186EECE668E} = {FEA6199C-810F-32E5-ADDD-1186EECE668E}
		{C650C042-3ECD-3103-B9E7-0D15BB6E348D} = {C650C042-3ECD-3103-B9E7-0D15BB6E348D}
		{534BDB18-E344-3078-AD88-A6D969C4E3B2} = {534BDB18-E344-3078-AD88-A6D969C4E3B2}
		{408E88B2-A03E-3227-B59D-C84598F32664} = {408E88B2-A03E-3227-B59D-C84598F32664}
		{C31226C1-1ED1-3E04-9F56-047E6427DD09} = {C31226C1-1ED1-3E04-9F56-047E6427DD09}
		{F20F3307-C52F-3382-8279-A443E87890E7} = {F20F3307-C52F-3382-8279-A443E87890E7}
		{3CCEDD12-8929-372C-A2BA-47ED64152E84} = {3CCEDD12-8929-372C-A2BA-47ED64152E84}
		{B54D6504-CF66-3F63-B181-A745F203E252} = {B54D6504-CF66-3F63-B181-A745F203E252}
		{51CA67BE-C527-3ACA-82DD-5BB054362AB6} = {51CA67BE-C527-3ACA-82DD-5BB054362AB6}
	EndProjectSection
EndProject
Project("{8BC9CEB8-8B4A-11D0-8D11-00A0C91BC942}") = "INSTALL", "INSTALL.vcxproj", "{51DD4482-9484-3010-9C1F-B2B07119C08D}"
	ProjectSection(ProjectDependencies) = postProject
		{F95CAA5A-A263-3074-9182-721E7D1849AA} = {F95CAA5A-A263-3074-9182-721E7D1849AA}
		{910A0645-DE84-3AB8-9644-97A03E437170} = {910A0645-DE84-3AB8-9644-97A03E437170}
	EndProjectSection
EndProject
Project("{8BC9CEB8-8B4A-11D0-8D11-00A0C91BC942}") = "UNINSTALL", "UNINSTALL.vcxproj", "{7C88DF4B-A235-3563-BDC1-EDF68F3C9B4D}"
	ProjectSection(ProjectDependencies) = postProject
		{910A0645-DE84-3AB8-9644-97A03E437170} = {910A0645-DE84-3AB8-9644-97A03E437170}
	EndProjectSection
EndProject
Project("{8BC9CEB8-8B4A-11D0-8D11-00A0C91BC942}") = "ZERO_CHECK", "ZERO_CHECK.vcxproj", "{910A0645-DE84-3AB8-9644-97A03E437170}"
	ProjectSection(ProjectDependencies) = postProject
	EndProjectSection
EndProject
Project("{8BC9CEB8-8B4A-11D0-8D11-00A0C91BC942}") = "console", "samples\console.vcxproj", "{53957EDF-7565-3EF2-9B92-A95ADEB37152}"
	ProjectSection(ProjectDependencies) = postProject
		{910A0645-DE84-3AB8-9644-97A03E437170} = {910A0645-DE84-3AB8-9644-97A03E437170}
		{BB52A3AD-9B9E-3C42-B2D0-6EDC9B5BEDFE} = {BB52A3AD-9B9E-3C42-B2D0-6EDC9B5BEDFE}
	EndProjectSection
EndProject
Project("{8BC9CEB8-8B4A-11D0-8D11-00A0C91BC942}") = "dataview", "samples\dataview.vcxproj", "{6758A75B-BBF4-3F54-AC25-819F8E7AA8B5}"
	ProjectSection(ProjectDependencies) = postProject
		{910A0645-DE84-3AB8-9644-97A03E437170} = {910A0645-DE84-3AB8-9644-97A03E437170}
		{BB52A3AD-9B9E-3C42-B2D0-6EDC9B5BEDFE} = {BB52A3AD-9B9E-3C42-B2D0-6EDC9B5BEDFE}
		{2648626A-77FF-3D55-9036-1F5B13D9EC02} = {2648626A-77FF-3D55-9036-1F5B13D9EC02}
	EndProjectSection
EndProject
Project("{8BC9CEB8-8B4A-11D0-8D11-00A0C91BC942}") = "widgets", "samples\widgets.vcxproj", "{89CA8318-E39F-3592-9876-E51043E1E867}"
	ProjectSection(ProjectDependencies) = postProject
		{910A0645-DE84-3AB8-9644-97A03E437170} = {910A0645-DE84-3AB8-9644-97A03E437170}
		{BB52A3AD-9B9E-3C42-B2D0-6EDC9B5BEDFE} = {BB52A3AD-9B9E-3C42-B2D0-6EDC9B5BEDFE}
		{2648626A-77FF-3D55-9036-1F5B13D9EC02} = {2648626A-77FF-3D55-9036-1F5B13D9EC02}
	EndProjectSection
EndProject
Project("{8BC9CEB8-8B4A-11D0-8D11-00A0C91BC942}") = "wxadv", "libs\adv\wxadv.vcxproj", "{8B8BAC4F-24F0-3D87-AC40-89417BB11C12}"
	ProjectSection(ProjectDependencies) = postProject
		{910A0645-DE84-3AB8-9644-97A03E437170} = {910A0645-DE84-3AB8-9644-97A03E437170}
		{BB52A3AD-9B9E-3C42-B2D0-6EDC9B5BEDFE} = {BB52A3AD-9B9E-3C42-B2D0-6EDC9B5BEDFE}
		{2648626A-77FF-3D55-9036-1F5B13D9EC02} = {2648626A-77FF-3D55-9036-1F5B13D9EC02}
	EndProjectSection
EndProject
Project("{8BC9CEB8-8B4A-11D0-8D11-00A0C91BC942}") = "wxaui", "libs\aui\wxaui.vcxproj", "{330F7F87-49F2-39A5-9D77-AE4225569D37}"
	ProjectSection(ProjectDependencies) = postProject
		{910A0645-DE84-3AB8-9644-97A03E437170} = {910A0645-DE84-3AB8-9644-97A03E437170}
		{BB52A3AD-9B9E-3C42-B2D0-6EDC9B5BEDFE} = {BB52A3AD-9B9E-3C42-B2D0-6EDC9B5BEDFE}
		{2648626A-77FF-3D55-9036-1F5B13D9EC02} = {2648626A-77FF-3D55-9036-1F5B13D9EC02}
	EndProjectSection
EndProject
Project("{8BC9CEB8-8B4A-11D0-8D11-00A0C91BC942}") = "wxbase", "libs\base\wxbase.vcxproj", "{BB52A3AD-9B9E-3C42-B2D0-6EDC9B5BEDFE}"
	ProjectSection(ProjectDependencies) = postProject
		{910A0645-DE84-3AB8-9644-97A03E437170} = {910A0645-DE84-3AB8-9644-97A03E437170}
		{05B4B2C2-CDB0-3455-988E-CEEE8424F6A1} = {05B4B2C2-CDB0-3455-988E-CEEE8424F6A1}
		{51CA67BE-C527-3ACA-82DD-5BB054362AB6} = {51CA67BE-C527-3ACA-82DD-5BB054362AB6}
	EndProjectSection
EndProject
Project("{8BC9CEB8-8B4A-11D0-8D11-00A0C91BC942}") = "wxcore", "libs\core\wxcore.vcxproj", "{2648626A-77FF-3D55-9036-1F5B13D9EC02}"
	ProjectSection(ProjectDependencies) = postProject
		{910A0645-DE84-3AB8-9644-97A03E437170} = {910A0645-DE84-3AB8-9644-97A03E437170}
		{BB52A3AD-9B9E-3C42-B2D0-6EDC9B5BEDFE} = {BB52A3AD-9B9E-3C42-B2D0-6EDC9B5BEDFE}
		{EEA3F324-126D-3CDA-8930-D7B996C668F3} = {EEA3F324-126D-3CDA-8930-D7B996C668F3}
		{D79E6473-1C7B-326B-A039-1C268B305A74} = {D79E6473-1C7B-326B-A039-1C268B305A74}
		{C31226C1-1ED1-3E04-9F56-047E6427DD09} = {C31226C1-1ED1-3E04-9F56-047E6427DD09}
		{51CA67BE-C527-3ACA-82DD-5BB054362AB6} = {51CA67BE-C527-3ACA-82DD-5BB054362AB6}
	EndProjectSection
EndProject
Project("{8BC9CEB8-8B4A-11D0-8D11-00A0C91BC942}") = "wxexpat", "libs\wxexpat.vcxproj", "{6615A578-4E49-3936-98E0-72AB69F181DE}"
	ProjectSection(ProjectDependencies) = postProject
		{910A0645-DE84-3AB8-9644-97A03E437170} = {910A0645-DE84-3AB8-9644-97A03E437170}
	EndProjectSection
EndProject
Project("{8BC9CEB8-8B4A-11D0-8D11-00A0C91BC942}") = "wxgl", "libs\gl\wxgl.vcxproj", "{E63C8D8E-F66C-3CF0-8A23-79AF61DD0378}"
	ProjectSection(ProjectDependencies) = postProject
		{910A0645-DE84-3AB8-9644-97A03E437170} = {910A0645-DE84-3AB8-9644-97A03E437170}
		{BB52A3AD-9B9E-3C42-B2D0-6EDC9B5BEDFE} = {BB52A3AD-9B9E-3C42-B2D0-6EDC9B5BEDFE}
		{2648626A-77FF-3D55-9036-1F5B13D9EC02} = {2648626A-77FF-3D55-9036-1F5B13D9EC02}
	EndProjectSection
EndProject
Project("{8BC9CEB8-8B4A-11D0-8D11-00A0C91BC942}") = "wxhtml", "libs\html\wxhtml.vcxproj", "{CE80618F-1991-34E2-9545-18CA5F862E4D}"
	ProjectSection(ProjectDependencies) = postProject
		{910A0645-DE84-3AB8-9644-97A03E437170} = {910A0645-DE84-3AB8-9644-97A03E437170}
		{BB52A3AD-9B9E-3C42-B2D0-6EDC9B5BEDFE} = {BB52A3AD-9B9E-3C42-B2D0-6EDC9B5BEDFE}
		{2648626A-77FF-3D55-9036-1F5B13D9EC02} = {2648626A-77FF-3D55-9036-1F5B13D9EC02}
	EndProjectSection
EndProject
Project("{8BC9CEB8-8B4A-11D0-8D11-00A0C91BC942}") = "wxjpeg", "libs\wxjpeg.vcxproj", "{EEA3F324-126D-3CDA-8930-D7B996C668F3}"
	ProjectSection(ProjectDependencies) = postProject
		{910A0645-DE84-3AB8-9644-97A03E437170} = {910A0645-DE84-3AB8-9644-97A03E437170}
	EndProjectSection
EndProject
Project("{8BC9CEB8-8B4A-11D0-8D11-00A0C91BC942}") = "wxmedia", "libs\media\wxmedia.vcxproj", "{4D957502-3230-3178-9044-099FCF23A141}"
	ProjectSection(ProjectDependencies) = postProject
		{910A0645-DE84-3AB8-9644-97A03E437170} = {910A0645-DE84-3AB8-9644-97A03E437170}
		{BB52A3AD-9B9E-3C42-B2D0-6EDC9B5BEDFE} = {BB52A3AD-9B9E-3C42-B2D0-6EDC9B5BEDFE}
		{2648626A-77FF-3D55-9036-1F5B13D9EC02} = {2648626A-77FF-3D55-9036-1F5B13D9EC02}
	EndProjectSection
EndProject
Project("{8BC9CEB8-8B4A-11D0-8D11-00A0C91BC942}") = "wxnet", "libs\net\wxnet.vcxproj", "{9BF5E2D9-4F2B-3786-A2C8-E4AF871E29ED}"
	ProjectSection(ProjectDependencies) = postProject
		{910A0645-DE84-3AB8-9644-97A03E437170} = {910A0645-DE84-3AB8-9644-97A03E437170}
		{BB52A3AD-9B9E-3C42-B2D0-6EDC9B5BEDFE} = {BB52A3AD-9B9E-3C42-B2D0-6EDC9B5BEDFE}
	EndProjectSection
EndProject
Project("{8BC9CEB8-8B4A-11D0-8D11-00A0C91BC942}") = "wxpng", "libs\wxpng.vcxproj", "{D79E6473-1C7B-326B-A039-1C268B305A74}"
	ProjectSection(ProjectDependencies) = postProject
		{910A0645-DE84-3AB8-9644-97A03E437170} = {910A0645-DE84-3AB8-9644-97A03E437170}
		{51CA67BE-C527-3ACA-82DD-5BB054362AB6} = {51CA67BE-C527-3ACA-82DD-5BB054362AB6}
	EndProjectSection
EndProject
Project("{8BC9CEB8-8B4A-11D0-8D11-00A0C91BC942}") = "wxpropgrid", "libs\propgrid\wxpropgrid.vcxproj", "{B74C301F-7800-39FB-9D58-A1260C677511}"
	ProjectSection(ProjectDependencies) = postProject
		{910A0645-DE84-3AB8-9644-97A03E437170} = {910A0645-DE84-3AB8-9644-97A03E437170}
		{BB52A3AD-9B9E-3C42-B2D0-6EDC9B5BEDFE} = {BB52A3AD-9B9E-3C42-B2D0-6EDC9B5BEDFE}
		{2648626A-77FF-3D55-9036-1F5B13D9EC02} = {2648626A-77FF-3D55-9036-1F5B13D9EC02}
	EndProjectSection
EndProject
Project("{8BC9CEB8-8B4A-11D0-8D11-00A0C91BC942}") = "wxqa", "libs\qa\wxqa.vcxproj", "{28E53056-8CEB-3D71-A8CA-EE2499AFE34E}"
	ProjectSection(ProjectDependencies) = postProject
		{910A0645-DE84-3AB8-9644-97A03E437170} = {910A0645-DE84-3AB8-9644-97A03E437170}
		{BB52A3AD-9B9E-3C42-B2D0-6EDC9B5BEDFE} = {BB52A3AD-9B9E-3C42-B2D0-6EDC9B5BEDFE}
		{2648626A-77FF-3D55-9036-1F5B13D9EC02} = {2648626A-77FF-3D55-9036-1F5B13D9EC02}
		{3CCEDD12-8929-372C-A2BA-47ED64152E84} = {3CCEDD12-8929-372C-A2BA-47ED64152E84}
	EndProjectSection
EndProject
Project("{8BC9CEB8-8B4A-11D0-8D11-00A0C91BC942}") = "wxrc", "utils\wxrc.vcxproj", "{FB2F83F7-67E6-3BE2-A27A-305A43E6769C}"
	ProjectSection(ProjectDependencies) = postProject
		{910A0645-DE84-3AB8-9644-97A03E437170} = {910A0645-DE84-3AB8-9644-97A03E437170}
		{BB52A3AD-9B9E-3C42-B2D0-6EDC9B5BEDFE} = {BB52A3AD-9B9E-3C42-B2D0-6EDC9B5BEDFE}
		{3CCEDD12-8929-372C-A2BA-47ED64152E84} = {3CCEDD12-8929-372C-A2BA-47ED64152E84}
	EndProjectSection
EndProject
Project("{8BC9CEB8-8B4A-11D0-8D11-00A0C91BC942}") = "wxregex", "libs\wxregex.vcxproj", "{05B4B2C2-CDB0-3455-988E-CEEE8424F6A1}"
	ProjectSection(ProjectDependencies) = postProject
		{910A0645-DE84-3AB8-9644-97A03E437170} = {910A0645-DE84-3AB8-9644-97A03E437170}
	EndProjectSection
EndProject
Project("{8BC9CEB8-8B4A-11D0-8D11-00A0C91BC942}") = "wxribbon", "libs\ribbon\wxribbon.vcxproj", "{FEA6199C-810F-32E5-ADDD-1186EECE668E}"
	ProjectSection(ProjectDependencies) = postProject
		{910A0645-DE84-3AB8-9644-97A03E437170} = {910A0645-DE84-3AB8-9644-97A03E437170}
		{BB52A3AD-9B9E-3C42-B2D0-6EDC9B5BEDFE} = {BB52A3AD-9B9E-3C42-B2D0-6EDC9B5BEDFE}
		{2648626A-77FF-3D55-9036-1F5B13D9EC02} = {2648626A-77FF-3D55-9036-1F5B13D9EC02}
	EndProjectSection
EndProject
Project("{8BC9CEB8-8B4A-11D0-8D11-00A0C91BC942}") = "wxrichtext", "libs\richtext\wxrichtext.vcxproj", "{C650C042-3ECD-3103-B9E7-0D15BB6E348D}"
	ProjectSection(ProjectDependencies) = postProject
		{910A0645-DE84-3AB8-9644-97A03E437170} = {910A0645-DE84-3AB8-9644-97A03E437170}
		{BB52A3AD-9B9E-3C42-B2D0-6EDC9B5BEDFE} = {BB52A3AD-9B9E-3C42-B2D0-6EDC9B5BEDFE}
		{2648626A-77FF-3D55-9036-1F5B13D9EC02} = {2648626A-77FF-3D55-9036-1F5B13D9EC02}
		{CE80618F-1991-34E2-9545-18CA5F862E4D} = {CE80618F-1991-34E2-9545-18CA5F862E4D}
		{3CCEDD12-8929-372C-A2BA-47ED64152E84} = {3CCEDD12-8929-372C-A2BA-47ED64152E84}
	EndProjectSection
EndProject
Project("{8BC9CEB8-8B4A-11D0-8D11-00A0C91BC942}") = "wxscintilla", "libs\stc\wxscintilla.vcxproj", "{534BDB18-E344-3078-AD88-A6D969C4E3B2}"
	ProjectSection(ProjectDependencies) = postProject
		{910A0645-DE84-3AB8-9644-97A03E437170} = {910A0645-DE84-3AB8-9644-97A03E437170}
	EndProjectSection
EndProject
Project("{8BC9CEB8-8B4A-11D0-8D11-00A0C91BC942}") = "wxstc", "libs\stc\wxstc.vcxproj", "{408E88B2-A03E-3227-B59D-C84598F32664}"
	ProjectSection(ProjectDependencies) = postProject
		{910A0645-DE84-3AB8-9644-97A03E437170} = {910A0645-DE84-3AB8-9644-97A03E437170}
		{BB52A3AD-9B9E-3C42-B2D0-6EDC9B5BEDFE} = {BB52A3AD-9B9E-3C42-B2D0-6EDC9B5BEDFE}
		{2648626A-77FF-3D55-9036-1F5B13D9EC02} = {2648626A-77FF-3D55-9036-1F5B13D9EC02}
		{534BDB18-E344-3078-AD88-A6D969C4E3B2} = {534BDB18-E344-3078-AD88-A6D969C4E3B2}
	EndProjectSection
EndProject
Project("{8BC9CEB8-8B4A-11D0-8D11-00A0C91BC942}") = "wxtiff", "libs\wxtiff.vcxproj", "{C31226C1-1ED1-3E04-9F56-047E6427DD09}"
	ProjectSection(ProjectDependencies) = postProject
		{910A0645-DE84-3AB8-9644-97A03E437170} = {910A0645-DE84-3AB8-9644-97A03E437170}
		{EEA3F324-126D-3CDA-8930-D7B996C668F3} = {EEA3F324-126D-3CDA-8930-D7B996C668F3}
		{51CA67BE-C527-3ACA-82DD-5BB054362AB6} = {51CA67BE-C527-3ACA-82DD-5BB054362AB6}
	EndProjectSection
EndProject
Project("{8BC9CEB8-8B4A-11D0-8D11-00A0C91BC942}") = "wxwebview", "libs\webview\wxwebview.vcxproj", "{F20F3307-C52F-3382-8279-A443E87890E7}"
	ProjectSection(ProjectDependencies) = postProject
		{910A0645-DE84-3AB8-9644-97A03E437170} = {910A0645-DE84-3AB8-9644-97A03E437170}
		{BB52A3AD-9B9E-3C42-B2D0-6EDC9B5BEDFE} = {BB52A3AD-9B9E-3C42-B2D0-6EDC9B5BEDFE}
		{2648626A-77FF-3D55-9036-1F5B13D9EC02} = {2648626A-77FF-3D55-9036-1F5B13D9EC02}
	EndProjectSection
EndProject
Project("{8BC9CEB8-8B4A-11D0-8D11-00A0C91BC942}") = "wxxml", "libs\xml\wxxml.vcxproj", "{3CCEDD12-8929-372C-A2BA-47ED64152E84}"
	ProjectSection(ProjectDependencies) = postProject
		{910A0645-DE84-3AB8-9644-97A03E437170} = {910A0645-DE84-3AB8-9644-97A03E437170}
		{BB52A3AD-9B9E-3C42-B2D0-6EDC9B5BEDFE} = {BB52A3AD-9B9E-3C42-B2D0-6EDC9B5BEDFE}
		{6615A578-4E49-3936-98E0-72AB69F181DE} = {6615A578-4E49-3936-98E0-72AB69F181DE}
	EndProjectSection
EndProject
Project("{8BC9CEB8-8B4A-11D0-8D11-00A0C91BC942}") = "wxxrc", "libs\xrc\wxxrc.vcxproj", "{B54D6504-CF66-3F63-B181-A745F203E252}"
	ProjectSection(ProjectDependencies) = postProject
		{910A0645-DE84-3AB8-9644-97A03E437170} = {910A0645-DE84-3AB8-9644-97A03E437170}
		{BB52A3AD-9B9E-3C42-B2D0-6EDC9B5BEDFE} = {BB52A3AD-9B9E-3C42-B2D0-6EDC9B5BEDFE}
		{2648626A-77FF-3D55-9036-1F5B13D9EC02} = {2648626A-77FF-3D55-9036-1F5B13D9EC02}
		{CE80618F-1991-34E2-9545-18CA5F862E4D} = {CE80618F-1991-34E2-9545-18CA5F862E4D}
		{3CCEDD12-8929-372C-A2BA-47ED64152E84} = {3CCEDD12-8929-372C-A2BA-47ED64152E84}
	EndProjectSection
EndProject
Project("{8BC9CEB8-8B4A-11D0-8D11-00A0C91BC942}") = "wxzlib", "libs\wxzlib.vcxproj", "{51CA67BE-C527-3ACA-82DD-5BB054362AB6}"
	ProjectSection(ProjectDependencies) = postProject
		{910A0645-DE84-3AB8-9644-97A03E437170} = {910A0645-DE84-3AB8-9644-97A03E437170}
	EndProjectSection
EndProject
Global
	GlobalSection(SolutionConfigurationPlatforms) = preSolution
		Debug|x64 = Debug|x64
		Release|x64 = Release|x64
	EndGlobalSection
	GlobalSection(ProjectConfigurationPlatforms) = postSolution
		{5A3920B4-2D9A-302F-BCE2-E090A71145B7}.Debug|x64.ActiveCfg = Debug|x64
		{5A3920B4-2D9A-302F-BCE2-E090A71145B7}.Debug|x64.Build.0 = Debug|x64
		{5A3920B4-2D9A-302F-BCE2-E090A71145B7}.Release|x64.ActiveCfg = Release|x64
		{5A3920B4-2D9A-302F-BCE2-E090A71145B7}.Release|x64.Build.0 = Release|x64
		{F95CAA5A-A263-3074-9182-721E7D1849AA}.Debug|x64.ActiveCfg = Debug|x64
		{F95CAA5A-A263-3074-9182-721E7D1849AA}.Debug|x64.Build.0 = Debug|x64
		{F95CAA5A-A263-3074-9182-721E7D1849AA}.Release|x64.ActiveCfg = Release|x64
		{F95CAA5A-A263-3074-9182-721E7D1849AA}.Release|x64.Build.0 = Release|x64
		{51DD4482-9484-3010-9C1F-B2B07119C08D}.Debug|x64.ActiveCfg = Debug|x64
		{51DD4482-9484-3010-9C1F-B2B07119C08D}.Release|x64.ActiveCfg = Release|x64
		{7C88DF4B-A235-3563-BDC1-EDF68F3C9B4D}.Debug|x64.ActiveCfg = Debug|x64
		{7C88DF4B-A235-3563-BDC1-EDF68F3C9B4D}.Release|x64.ActiveCfg = Release|x64
		{910A0645-DE84-3AB8-9644-97A03E437170}.Debug|x64.ActiveCfg = Debug|x64
		{910A0645-DE84-3AB8-9644-97A03E437170}.Debug|x64.Build.0 = Debug|x64
		{910A0645-DE84-3AB8-9644-97A03E437170}.Release|x64.ActiveCfg = Release|x64
		{910A0645-DE84-3AB8-9644-97A03E437170}.Release|x64.Build.0 = Release|x64
		{53957EDF-7565-3EF2-9B92-A95ADEB37152}.Debug|x64.ActiveCfg = Debug|x64
		{53957EDF-7565-3EF2-9B92-A95ADEB37152}.Debug|x64.Build.0 = Debug|x64
		{53957EDF-7565-3EF2-9B92-A95ADEB37152}.Release|x64.ActiveCfg = Release|x64
		{53957EDF-7565-3EF2-9B92-A95ADEB37152}.Release|x64.Build.0 = Release|x64
		{6758A75B-BBF4-3F54-AC25-819F8E7AA8B5}.Debug|x64.ActiveCfg = Debug|x64
		{6758A75B-BBF4-3F54-AC25-819F8E7AA8B5}.Debug|x64.Build.0 = Debug|x64
		{6758A75B-BBF4-3F54-AC25-819F8E7AA8B5}.Release|x64.ActiveCfg = Release|x64
		{6758A75B-BBF4-3F54-AC25-819F8E7AA8B5}.Release|x64.Build.0 = Release|x64
		{89CA8318-E39F-3592-9876-E51043E1E867}.Debug|x64.ActiveCfg = Debug|x64
		{89CA8318-E39F-3592-9876-E51043E1E867}.Debug|x64.Build.0 = Debug|x64
		{89CA8318-E39F-3592-9876-E51043E1E867}.Release|x64.ActiveCfg = Release|x64
		{89CA8318-E39F-3592-9876-E51043E1E867}.Release|x64.Build.0 = Release|x64
		{8B8BAC4F-24F0-3D87-AC40-89417BB11C12}.Debug|x64.ActiveCfg = Debug|x64
		{8B8BAC4F-24F0-3D87-AC40-89417BB11C12}.Debug|x64.Build.0 = Debug|x64
		{8B8BAC4F-24F0-3D87-AC40-89417BB11C12}.Release|x64.ActiveCfg = Release|x64
		{8B8BAC4F-24F0-3D87-AC40-89417BB11C12}.Release|x64.Build.0 = Release|x64
		{330F7F87-49F2-39A5-9D77-AE4225569D37}.Debug|x64.ActiveCfg = Debug|x64
		{330F7F87-49F2-39A5-9D77-AE4225569D37}.Debug|x64.Build.0 = Debug|x64
		{330F7F87-49F2-39A5-9D77-AE4225569D37}.Release|x64.ActiveCfg = Release|x64
		{330F7F87-49F2-39A5-9D77-AE4225569D37}.Release|x64.Build.0 = Release|x64
		{BB52A3AD-9B9E-3C42-B2D0-6EDC9B5BEDFE}.Debug|x64.ActiveCfg = Debug|x64
		{BB52A3AD-9B9E-3C42-B2D0-6EDC9B5BEDFE}.Debug|x64.Build.0 = Debug|x64
		{BB52A3AD-9B9E-3C42-B2D0-6EDC9B5BEDFE}.Release|x64.ActiveCfg = Release|x64
		{BB52A3AD-9B9E-3C42-B2D0-6EDC9B5BEDFE}.Release|x64.Build.0 = Release|x64
		{2648626A-77FF-3D55-9036-1F5B13D9EC02}.Debug|x64.ActiveCfg = Debug|x64
		{2648626A-77FF-3D55-9036-1F5B13D9EC02}.Debug|x64.Build.0 = Debug|x64
		{2648626A-77FF-3D55-9036-1F5B13D9EC02}.Release|x64.ActiveCfg = Release|x64
		{2648626A-77FF-3D55-9036-1F5B13D9EC02}.Release|x64.Build.0 = Release|x64
		{6615A578-4E49-3936-98E0-72AB69F181DE}.Debug|x64.ActiveCfg = Debug|x64
		{6615A578-4E49-3936-98E0-72AB69F181DE}.Debug|x64.Build.0 = Debug|x64
		{6615A578-4E49-3936-98E0-72AB69F181DE}.Release|x64.ActiveCfg = Release|x64
		{6615A578-4E49-3936-98E0-72AB69F181DE}.Release|x64.Build.0 = Release|x64
		{E63C8D8E-F66C-3CF0-8A23-79AF61DD0378}.Debug|x64.ActiveCfg = Debug|x64
		{E63C8D8E-F66C-3CF0-8A23-79AF61DD0378}.Debug|x64.Build.0 = Debug|x64
		{E63C8D8E-F66C-3CF0-8A23-79AF61DD0378}.Release|x64.ActiveCfg = Release|x64
		{E63C8D8E-F66C-3CF0-8A23-79AF61DD0378}.Release|x64.Build.0 = Release|x64
		{CE80618F-1991-34E2-9545-18CA5F862E4D}.Debug|x64.ActiveCfg = Debug|x64
		{CE80618F-1991-34E2-9545-18CA5F862E4D}.Debug|x64.Build.0 = Debug|x64
		{CE80618F-1991-34E2-9545-18CA5F862E4D}.Release|x64.ActiveCfg = Release|x64
		{CE80618F-1991-34E2-9545-18CA5F862E4D}.Release|x64.Build.0 = Release|x64
		{EEA3F324-126D-3CDA-8930-D7B996C668F3}.Debug|x64.ActiveCfg = Debug|x64
		{EEA3F324-126D-3CDA-8930-D7B996C668F3}.Debug|x64.Build.0 = Debug|x64
		{EEA3F324-126D-3CDA-8930-D7B996C668F3}.Release|x64.ActiveCfg = Release|x64
		{EEA3F324-126D-3CDA-8930-D7B996C668F3}.Release|x64.Build.0 = Release|x64
		{4D957502-3230-3178-9044-099FCF23A141}.Debug|x64.ActiveCfg = Debug|x64
		{4D957502-3230-3178-9044-099FCF23A141}.Debug|x64.Build.0 = Debug|x64
		{4D957502-3230-3178-9044-099FCF23A141}.Release|x64.ActiveCfg = Release|x64
		{4D957502-3230-3178-9044-099FCF23A141}.Release|x64.Build.0 = Release|x64
		{9BF5E2D9-4F2B-3786-A2C8-E4AF871E29ED}.Debug|x64.ActiveCfg = Debug|x64
		{9BF5E2D9-4F2B-3786-A2C8-E4AF871E29ED}.Debug|x64.Build.0 = Debug|x64
		{9BF5E2D9-4F2B-3786-A2C8-E4AF871E29ED}.Release|x64.ActiveCfg = Release|x64
		{9BF5E2D9-4F2B-3786-A2C8-E4AF871E29ED}.Release|x64.Build.0 = Release|x64
		{D79E6473-1C7B-326B-A039-1C268B305A74}.Debug|x64.ActiveCfg = Debug|x64
		{D79E6473-1C7B-326B-A039-1C268B305A74}.Debug|x64.Build.0 = Debug|x64
		{D79E6473-1C7B-326B-A039-1C268B305A74}.Release|x64.ActiveCfg = Release|x64
		{D79E6473-1C7B-326B-A039-1C268B305A74}.Release|x64.Build.0 = Release|x64
		{B74C301F-7800-39FB-9D58-A1260C677511}.Debug|x64.ActiveCfg = Debug|x64
		{B74C301F-7800-39FB-9D58-A1260C677511}.Debug|x64.Build.0 = Debug|x64
		{B74C301F-7800-39FB-9D58-A1260C677511}.Release|x64.ActiveCfg = Release|x64
		{B74C301F-7800-39FB-9D58-A1260C677511}.Release|x64.Build.0 = Release|x64
		{28E53056-8CEB-3D71-A8CA-EE2499AFE34E}.Debug|x64.ActiveCfg = Debug|x64
		{28E53056-8CEB-3D71-A8CA-EE2499AFE34E}.Debug|x64.Build.0 = Debug|x64
		{28E53056-8CEB-3D71-A8CA-EE2499AFE34E}.Release|x64.ActiveCfg = Release|x64
		{28E53056-8CEB-3D71-A8CA-EE2499AFE34E}.Release|x64.Build.0 = Release|x64
		{FB2F83F7-67E6-3BE2-A27A-305A43E6769C}.Debug|x64.ActiveCfg = Debug|x64
		{FB2F83F7-67E6-3BE2-A27A-305A43E6769C}.Debug|x64.Build.0 = Debug|x64
		{FB2F83F7-67E6-3BE2-A27A-305A43E6769C}.Release|x64.ActiveCfg = Release|x64
		{FB2F83F7-67E6-3BE2-A27A-305A43E6769C}.Release|x64.Build.0 = Release|x64
		{05B4B2C2-CDB0-3455-988E-CEEE8424F6A1}.Debug|x64.ActiveCfg = Debug|x64
		{05B4B2C2-CDB0-3455-988E-CEEE8424F6A1}.Debug|x64.Build.0 = Debug|x64
		{05B4B2C2-CDB0-3455-988E-CEEE8424F6A1}.Release|x64.ActiveCfg = Release|x64
		{05B4B2C2-CDB0-3455-988E-CEEE8424F6A1}.Release|x64.Build.0 = Release|x64
		{FEA6199C-810F-32E5-ADDD-1186EECE668E}.Debug|x64.ActiveCfg = Debug|x64
		{FEA6199C-810F-32E5-ADDD-1186EECE668E}.Debug|x64.Build.0 = Debug|x64
		{FEA6199C-810F-32E5-ADDD-1186EECE668E}.Release|x64.ActiveCfg = Release|x64
		{FEA6199C-810F-32E5-ADDD-1186EECE668E}.Release|x64.Build.0 = Release|x64
		{C650C042-3ECD-3103-B9E7-0D15BB6E348D}.Debug|x64.ActiveCfg = Debug|x64
		{C650C042-3ECD-3103-B9E7-0D15BB6E348D}.Debug|x64.Build.0 = Debug|x64
		{C650C042-3ECD-3103-B9E7-0D15BB6E348D}.Release|x64.ActiveCfg = Release|x64
		{C650C042-3ECD-3103-B9E7-0D15BB6E348D}.Release|x64.Build.0 = Release|x64
		{534BDB18-E344-3078-AD88-A6D969C4E3B2}.Debug|x64.ActiveCfg = Debug|x64
		{534BDB18-E344-3078-AD88-A6D969C4E3B2}.Debug|x64.Build.0 = Debug|x64
		{534BDB18-E344-3078-AD88-A6D969C4E3B2}.Release|x64.ActiveCfg = Release|x64
		{534BDB18-E344-3078-AD88-A6D969C4E3B2}.Release|x64.Build.0 = Release|x64
		{408E88B2-A03E-3227-B59D-C84598F32664}.Debug|x64.ActiveCfg = Debug|x64
		{408E88B2-A03E-3227-B59D-C84598F32664}.Debug|x64.Build.0 = Debug|x64
		{408E88B2-A03E-3227-B59D-C84598F32664}.Release|x64.ActiveCfg = Release|x64
		{408E88B2-A03E-3227-B59D-C84598F32664}.Release|x64.Build.0 = Release|x64
		{C31226C1-1ED1-3E04-9F56-047E6427DD09}.Debug|x64.ActiveCfg = Debug|x64
		{C31226C1-1ED1-3E04-9F56-047E6427DD09}.Debug|x64.Build.0 = Debug|x64
		{C31226C1-1ED1-3E04-9F56-047E6427DD09}.Release|x64.ActiveCfg = Release|x64
		{C31226C1-1ED1-3E04-9F56-047E6427DD09}.Release|x64.Build.0 = Release|x64
		{F20F3307-C52F-3382-8279-A443E87890E7}.Debug|x64.ActiveCfg = Debug|x64
		{F20F3307-C52F-3382-8279-A443E87890E7}.Debug|x64.Build.0 = Debug|x64
		{F20F3307-C52F-3382-8279-A443E87890E7}.Release|x64.ActiveCfg = Release|x64
		{F20F3307-C52F-3382-8279-A443E87890E7}.Release|x64.Build.0 = Release|x64
		{3CCEDD12-8929-372C-A2BA-47ED64152E84}.Debug|x64.ActiveCfg = Debug|x64
		{3CCEDD12-8929-372C-A2BA-47ED64152E84}.Debug|x64.Build.0 = Debug|x64
		{3CCEDD12-8929-372C-A2BA-47ED64152E84}.Release|x64.ActiveCfg = Release|x64
		{3CCEDD12-8929-372C-A2BA-47ED64152E84}.Release|x64.Build.0 = Release|x64
		{B54D6504-CF66-3F63-B181-A745F203E252}.Debug|x64.ActiveCfg = Debug|x64
		{B54D6504-CF66-3F63-B181-A745F203E252}.Debug|x64.Build.0 = Debug|x64
		{B54D6504-CF66-3F63-B181-A745F203E252}.Release|x64.ActiveCfg = Release|x64
		{B54D6504-CF66-3F63-B181-A745F203E252}.Release|x64.Build.0 = Release|x64
		{51CA67BE-C527-3ACA-82DD-5BB054362AB6}.Debug|x64.ActiveCfg = Debug|x64
		{51CA67BE-C527-3ACA-82DD-5BB054362AB6}.Debug|x64.Build.0 = Debug|x64
		{51CA67BE-C527-3ACA-82DD-5BB054362AB6}.Release|x64.ActiveCfg = Release|x64
		{51CA67BE-C527-3ACA-82DD-5BB054362AB6}.Release|x64.Build.0 = Release|x64
	EndGlobalSection
	GlobalSection(NestedProjects) = preSolution
		{F95CAA5A-A263-3074-9182-721E7D1849AA} = {C5FCE930-6538-3C63-82FD-85D9F67D2DD1}
		{51DD4482-9484-3010-9C1F-B2B07119C08D} = {C5FCE930-6538-3C63-82FD-85D9F67D2DD1}
		{7C88DF4B-A235-3563-BDC1-EDF68F3C9B4D} = {C5FCE930-6538-3C63-82FD-85D9F67D2DD1}
		{910A0645-DE84-3AB8-9644-97A03E437170} = {C5FCE930-6538-3C63-82FD-85D9F67D2DD1}
		{8B8BAC4F-24F0-3D87-AC40-89417BB11C12} = {DD3C54F9-5814-35A1-9A24-63B9FE10CFB6}
		{330F7F87-49F2-39A5-9D77-AE4225569D37} = {DD3C54F9-5814-35A1-9A24-63B9FE10CFB6}
		{BB52A3AD-9B9E-3C42-B2D0-6EDC9B5BEDFE} = {DD3C54F9-5814-35A1-9A24-63B9FE10CFB6}
		{2648626A-77FF-3D55-9036-1F5B13D9EC02} = {DD3C54F9-5814-35A1-9A24-63B9FE10CFB6}
		{E63C8D8E-F66C-3CF0-8A23-79AF61DD0378} = {DD3C54F9-5814-35A1-9A24-63B9FE10CFB6}
		{CE80618F-1991-34E2-9545-18CA5F862E4D} = {DD3C54F9-5814-35A1-9A24-63B9FE10CFB6}
		{4D957502-3230-3178-9044-099FCF23A141} = {DD3C54F9-5814-35A1-9A24-63B9FE10CFB6}
		{9BF5E2D9-4F2B-3786-A2C8-E4AF871E29ED} = {DD3C54F9-5814-35A1-9A24-63B9FE10CFB6}
		{B74C301F-7800-39FB-9D58-A1260C677511} = {DD3C54F9-5814-35A1-9A24-63B9FE10CFB6}
		{28E53056-8CEB-3D71-A8CA-EE2499AFE34E} = {DD3C54F9-5814-35A1-9A24-63B9FE10CFB6}
		{FEA6199C-810F-32E5-ADDD-1186EECE668E} = {DD3C54F9-5814-35A1-9A24-63B9FE10CFB6}
		{C650C042-3ECD-3103-B9E7-0D15BB6E348D} = {DD3C54F9-5814-35A1-9A24-63B9FE10CFB6}
		{408E88B2-A03E-3227-B59D-C84598F32664} = {DD3C54F9-5814-35A1-9A24-63B9FE10CFB6}
		{F20F3307-C52F-3382-8279-A443E87890E7} = {DD3C54F9-5814-35A1-9A24-63B9FE10CFB6}
		{3CCEDD12-8929-372C-A2BA-47ED64152E84} = {DD3C54F9-5814-35A1-9A24-63B9FE10CFB6}
		{B54D6504-CF66-3F63-B181-A745F203E252} = {DD3C54F9-5814-35A1-9A24-63B9FE10CFB6}
		{53957EDF-7565-3EF2-9B92-A95ADEB37152} = {FE3E82F6-8F89-3478-9450-6911E535F651}
		{6758A75B-BBF4-3F54-AC25-819F8E7AA8B5} = {FE3E82F6-8F89-3478-9450-6911E535F651}
		{5A3920B4-2D9A-302F-BCE2-E090A71145B7} = {FE3E82F6-8F89-3478-9450-6911E535F651}
		{89CA8318-E39F-3592-9876-E51043E1E867} = {FE3E82F6-8F89-3478-9450-6911E535F651}
		{6615A578-4E49-3936-98E0-72AB69F181DE} = {D05C4756-CFF8-33BB-B613-744883BCF90A}
		{EEA3F324-126D-3CDA-8930-D7B996C668F3} = {D05C4756-CFF8-33BB-B613-744883BCF90A}
		{D79E6473-1C7B-326B-A039-1C268B305A74} = {D05C4756-CFF8-33BB-B613-744883BCF90A}
		{05B4B2C2-CDB0-3455-988E-CEEE8424F6A1} = {D05C4756-CFF8-33BB-B613-744883BCF90A}
		{534BDB18-E344-3078-AD88-A6D969C4E3B2} = {D05C4756-CFF8-33BB-B613-744883BCF90A}
		{C31226C1-1ED1-3E04-9F56-047E6427DD09} = {D05C4756-CFF8-33BB-B613-744883BCF90A}
		{51CA67BE-C527-3ACA-82DD-5BB054362AB6} = {D05C4756-CFF8-33BB-B613-744883BCF90A}
		{FB2F83F7-67E6-3BE2-A27A-305A43E6769C} = {80086EDC-A88F-347A-8AE5-68F817F4D0E7}
	EndGlobalSection
	GlobalSection(ExtensibilityGlobals) = postSolution
		SolutionGuid = {01BBB4F7-0F28-3DE1-BFB4-F3819004D98B}
	EndGlobalSection
	GlobalSection(ExtensibilityAddIns) = postSolution
	EndGlobalSection
EndGlobal
